// !$*UTF8*$!
{
	archiveVersion = 1;
	classes = {
	};
	objectVersion = 50;
	objects = {

/* Begin PBXBuildFile section */
		C52B6559256569D400BC0A0D /* NetworkDataFetcher.swift in Sources */ = {isa = PBXBuildFile; fileRef = C52B6558256569D400BC0A0D /* NetworkDataFetcher.swift */; };
		C5BBE9C2256426F8000DD6BF /* AppDelegate.swift in Sources */ = {isa = PBXBuildFile; fileRef = C5BBE9C1256426F8000DD6BF /* AppDelegate.swift */; };
		C5BBE9C4256426F8000DD6BF /* SceneDelegate.swift in Sources */ = {isa = PBXBuildFile; fileRef = C5BBE9C3256426F8000DD6BF /* SceneDelegate.swift */; };
		C5BBE9C6256426F8000DD6BF /* ViewController.swift in Sources */ = {isa = PBXBuildFile; fileRef = C5BBE9C5256426F8000DD6BF /* ViewController.swift */; };
		C5BBE9C9256426F8000DD6BF /* Main.storyboard in Resources */ = {isa = PBXBuildFile; fileRef = C5BBE9C7256426F8000DD6BF /* Main.storyboard */; };
		C5BBE9CB256426FC000DD6BF /* Assets.xcassets in Resources */ = {isa = PBXBuildFile; fileRef = C5BBE9CA256426FC000DD6BF /* Assets.xcassets */; };
		C5BBE9CE256426FC000DD6BF /* LaunchScreen.storyboard in Resources */ = {isa = PBXBuildFile; fileRef = C5BBE9CC256426FC000DD6BF /* LaunchScreen.storyboard */; };
		C5BBE9D725642E09000DD6BF /* SearchResponse.swift in Sources */ = {isa = PBXBuildFile; fileRef = C5BBE9D625642E09000DD6BF /* SearchResponse.swift */; };
		C5BBE9DA256437AF000DD6BF /* NetworkService.swift in Sources */ = {isa = PBXBuildFile; fileRef = C5BBE9D9256437AF000DD6BF /* NetworkService.swift */; };
/* End PBXBuildFile section */

/* Begin PBXFileReference section */
		C52B6558256569D400BC0A0D /* NetworkDataFetcher.swift */ = {isa = PBXFileReference; lastKnownFileType = sourcecode.swift; path = NetworkDataFetcher.swift; sourceTree = "<group>"; };
		C5BBE9BE256426F8000DD6BF /* ItunesAPI_JSON.app */ = {isa = PBXFileReference; explicitFileType = wrapper.application; includeInIndex = 0; path = ItunesAPI_JSON.app; sourceTree = BUILT_PRODUCTS_DIR; };
		C5BBE9C1256426F8000DD6BF /* AppDelegate.swift */ = {isa = PBXFileReference; lastKnownFileType = sourcecode.swift; path = AppDelegate.swift; sourceTree = "<group>"; };
		C5BBE9C3256426F8000DD6BF /* SceneDelegate.swift */ = {isa = PBXFileReference; lastKnownFileType = sourcecode.swift; path = SceneDelegate.swift; sourceTree = "<group>"; };
		C5BBE9C5256426F8000DD6BF /* ViewController.swift */ = {isa = PBXFileReference; lastKnownFileType = sourcecode.swift; path = ViewController.swift; sourceTree = "<group>"; };
		C5BBE9C8256426F8000DD6BF /* Base */ = {isa = PBXFileReference; lastKnownFileType = file.storyboard; name = Base; path = Base.lproj/Main.storyboard; sourceTree = "<group>"; };
		C5BBE9CA256426FC000DD6BF /* Assets.xcassets */ = {isa = PBXFileReference; lastKnownFileType = folder.assetcatalog; path = Assets.xcassets; sourceTree = "<group>"; };
		C5BBE9CD256426FC000DD6BF /* Base */ = {isa = PBXFileReference; lastKnownFileType = file.storyboard; name = Base; path = Base.lproj/LaunchScreen.storyboard; sourceTree = "<group>"; };
		C5BBE9CF256426FC000DD6BF /* Info.plist */ = {isa = PBXFileReference; lastKnownFileType = text.plist.xml; path = Info.plist; sourceTree = "<group>"; };
		C5BBE9D625642E09000DD6BF /* SearchResponse.swift */ = {isa = PBXFileReference; lastKnownFileType = sourcecode.swift; path = SearchResponse.swift; sourceTree = "<group>"; };
		C5BBE9D9256437AF000DD6BF /* NetworkService.swift */ = {isa = PBXFileReference; lastKnownFileType = sourcecode.swift; path = NetworkService.swift; sourceTree = "<group>"; };
/* End PBXFileReference section */

/* Begin PBXFrameworksBuildPhase section */
		C5BBE9BB256426F8000DD6BF /* Frameworks */ = {
			isa = PBXFrameworksBuildPhase;
			buildActionMask = 2147483647;
			files = (
			);
			runOnlyForDeploymentPostprocessing = 0;
		};
/* End PBXFrameworksBuildPhase section */

/* Begin PBXGroup section */
		C5BBE9B5256426F8000DD6BF = {
			isa = PBXGroup;
			children = (
				C5BBE9C0256426F8000DD6BF /* AppleMusicDemo */,
				C5BBE9BF256426F8000DD6BF /* Products */,
			);
			sourceTree = "<group>";
		};
		C5BBE9BF256426F8000DD6BF /* Products */ = {
			isa = PBXGroup;
			children = (
				C5BBE9BE256426F8000DD6BF /* ItunesAPI_JSON.app */,
			);
			name = Products;
			sourceTree = "<group>";
		};
		C5BBE9C0256426F8000DD6BF /* AppleMusicDemo */ = {
			isa = PBXGroup;
			children = (
				C5BBE9C1256426F8000DD6BF /* AppDelegate.swift */,
				C5BBE9C3256426F8000DD6BF /* SceneDelegate.swift */,
				C5BBE9C5256426F8000DD6BF /* ViewController.swift */,
				C5BBE9DD256438D5000DD6BF /* Network */,
				C5BBE9DC256438C4000DD6BF /* Models */,
				C5BBE9C7256426F8000DD6BF /* Main.storyboard */,
				C5BBE9CA256426FC000DD6BF /* Assets.xcassets */,
				C5BBE9CC256426FC000DD6BF /* LaunchScreen.storyboard */,
				C5BBE9CF256426FC000DD6BF /* Info.plist */,
			);
			path = AppleMusicDemo;
			sourceTree = "<group>";
		};
		C5BBE9DC256438C4000DD6BF /* Models */ = {
			isa = PBXGroup;
			children = (
				C5BBE9D625642E09000DD6BF /* SearchResponse.swift */,
			);
			path = Models;
			sourceTree = "<group>";
		};
		C5BBE9DD256438D5000DD6BF /* Network */ = {
			isa = PBXGroup;
			children = (
				C5BBE9D9256437AF000DD6BF /* NetworkService.swift */,
				C52B6558256569D400BC0A0D /* NetworkDataFetcher.swift */,
			);
			path = Network;
			sourceTree = "<group>";
		};
/* End PBXGroup section */

/* Begin PBXNativeTarget section */
		C5BBE9BD256426F8000DD6BF /* ItunesAPI_JSON */ = {
			isa = PBXNativeTarget;
			buildConfigurationList = C5BBE9D2256426FC000DD6BF /* Build configuration list for PBXNativeTarget "ItunesAPI_JSON" */;
			buildPhases = (
				C5BBE9BA256426F8000DD6BF /* Sources */,
				C5BBE9BB256426F8000DD6BF /* Frameworks */,
				C5BBE9BC256426F8000DD6BF /* Resources */,
			);
			buildRules = (
			);
			dependencies = (
			);
			name = ItunesAPI_JSON;
			productName = AppleMusicDemo;
			productReference = C5BBE9BE256426F8000DD6BF /* ItunesAPI_JSON.app */;
			productType = "com.apple.product-type.application";
		};
/* End PBXNativeTarget section */

/* Begin PBXProject section */
		C5BBE9B6256426F8000DD6BF /* Project object */ = {
			isa = PBXProject;
			attributes = {
				LastSwiftUpdateCheck = 1200;
				LastUpgradeCheck = 1200;
				TargetAttributes = {
					C5BBE9BD256426F8000DD6BF = {
						CreatedOnToolsVersion = 12.0.1;
					};
				};
			};
			buildConfigurationList = C5BBE9B9256426F8000DD6BF /* Build configuration list for PBXProject "ItunesAPI_JSON" */;
			compatibilityVersion = "Xcode 9.3";
			developmentRegion = en;
			hasScannedForEncodings = 0;
			knownRegions = (
				en,
				Base,
			);
			mainGroup = C5BBE9B5256426F8000DD6BF;
			productRefGroup = C5BBE9BF256426F8000DD6BF /* Products */;
			projectDirPath = "";
			projectRoot = "";
			targets = (
				C5BBE9BD256426F8000DD6BF /* ItunesAPI_JSON */,
			);
		};
/* End PBXProject section */

/* Begin PBXResourcesBuildPhase section */
		C5BBE9BC256426F8000DD6BF /* Resources */ = {
			isa = PBXResourcesBuildPhase;
			buildActionMask = 2147483647;
			files = (
				C5BBE9CE256426FC000DD6BF /* LaunchScreen.storyboard in Resources */,
				C5BBE9CB256426FC000DD6BF /* Assets.xcassets in Resources */,
				C5BBE9C9256426F8000DD6BF /* Main.storyboard in Resources */,
			);
			runOnlyForDeploymentPostprocessing = 0;
		};
/* End PBXResourcesBuildPhase section */

/* Begin PBXSourcesBuildPhase section */
		C5BBE9BA256426F8000DD6BF /* Sources */ = {
			isa = PBXSourcesBuildPhase;
			buildActionMask = 2147483647;
			files = (
				C52B6559256569D400BC0A0D /* NetworkDataFetcher.swift in Sources */,
				C5BBE9DA256437AF000DD6BF /* NetworkService.swift in Sources */,
				C5BBE9D725642E09000DD6BF /* SearchResponse.swift in Sources */,
				C5BBE9C6256426F8000DD6BF /* ViewController.swift in Sources */,
				C5BBE9C2256426F8000DD6BF /* AppDelegate.swift in Sources */,
				C5BBE9C4256426F8000DD6BF /* SceneDelegate.swift in Sources */,
			);
			runOnlyForDeploymentPostprocessing = 0;
		};
/* End PBXSourcesBuildPhase section */

/* Begin PBXVariantGroup section */
		C5BBE9C7256426F8000DD6BF /* Main.storyboard */ = {
			isa = PBXVariantGroup;
			children = (
				C5BBE9C8256426F8000DD6BF /* Base */,
			);
			name = Main.storyboard;
			sourceTree = "<group>";
		};
		C5BBE9CC256426FC000DD6BF /* LaunchScreen.storyboard */ = {
			isa = PBXVariantGroup;
			children = (
				C5BBE9CD256426FC000DD6BF /* Base */,
			);
			name = LaunchScreen.storyboard;
			sourceTree = "<group>";
		};
/* End PBXVariantGroup section */

/* Begin XCBuildConfiguration section */
		C5BBE9D0256426FC000DD6BF /* Debug */ = {
			isa = XCBuildConfiguration;
			buildSettings = {
				ALWAYS_SEARCH_USER_PATHS = NO;
				CLANG_ANALYZER_NONNULL = YES;
				CLANG_ANALYZER_NUMBER_OBJECT_CONVERSION = YES_AGGRESSIVE;
				CLANG_CXX_LANGUAGE_STANDARD = "gnu++14";
				CLANG_CXX_LIBRARY = "libc++";
				CLANG_ENABLE_MODULES = YES;
				CLANG_ENABLE_OBJC_ARC = YES;
				CLANG_ENABLE_OBJC_WEAK = YES;
				CLANG_WARN_BLOCK_CAPTURE_AUTORELEASING = YES;
				CLANG_WARN_BOOL_CONVERSION = YES;
				CLANG_WARN_COMMA = YES;
				CLANG_WARN_CONSTANT_CONVERSION = YES;
				CLANG_WARN_DEPRECATED_OBJC_IMPLEMENTATIONS = YES;
				CLANG_WARN_DIRECT_OBJC_ISA_USAGE = YES_ERROR;
				CLANG_WARN_DOCUMENTATION_COMMENTS = YES;
				CLANG_WARN_EMPTY_BODY = YES;
				CLANG_WARN_ENUM_CONVERSION = YES;
				CLANG_WARN_INFINITE_RECURSION = YES;
				CLANG_WARN_INT_CONVERSION = YES;
				CLANG_WARN_NON_LITERAL_NULL_CONVERSION = YES;
				CLANG_WARN_OBJC_IMPLICIT_RETAIN_SELF = YES;
				CLANG_WARN_OBJC_LITERAL_CONVERSION = YES;
				CLANG_WARN_OBJC_ROOT_CLASS = YES_ERROR;
				CLANG_WARN_QUOTED_INCLUDE_IN_FRAMEWORK_HEADER = YES;
				CLANG_WARN_RANGE_LOOP_ANALYSIS = YES;
				CLANG_WARN_STRICT_PROTOTYPES = YES;
				CLANG_WARN_SUSPICIOUS_MOVE = YES;
				CLANG_WARN_UNGUARDED_AVAILABILITY = YES_AGGRESSIVE;
				CLANG_WARN_UNREACHABLE_CODE = YES;
				CLANG_WARN__DUPLICATE_METHOD_MATCH = YES;
				COPY_PHASE_STRIP = NO;
				DEBUG_INFORMATION_FORMAT = dwarf;
				ENABLE_STRICT_OBJC_MSGSEND = YES;
				ENABLE_TESTABILITY = YES;
				GCC_C_LANGUAGE_STANDARD = gnu11;
				GCC_DYNAMIC_NO_PIC = NO;
				GCC_NO_COMMON_BLOCKS = YES;
				GCC_OPTIMIZATION_LEVEL = 0;
				GCC_PREPROCESSOR_DEFINITIONS = (
					"DEBUG=1",
					"$(inherited)",
				);
				GCC_WARN_64_TO_32_BIT_CONVERSION = YES;
				GCC_WARN_ABOUT_RETURN_TYPE = YES_ERROR;
				GCC_WARN_UNDECLARED_SELECTOR = YES;
				GCC_WARN_UNINITIALIZED_AUTOS = YES_AGGRESSIVE;
				GCC_WARN_UNUSED_FUNCTION = YES;
				GCC_WARN_UNUSED_VARIABLE = YES;
				IPHONEOS_DEPLOYMENT_TARGET = 14.0;
				MTL_ENABLE_DEBUG_INFO = INCLUDE_SOURCE;
				MTL_FAST_MATH = YES;
				ONLY_ACTIVE_ARCH = YES;
				SDKROOT = iphoneos;
				SWIFT_ACTIVE_COMPILATION_CONDITIONS = DEBUG;
				SWIFT_OPTIMIZATION_LEVEL = "-Onone";
			};
			name = Debug;
		};
		C5BBE9D1256426FC000DD6BF /* Release */ = {
			isa = XCBuildConfiguration;
			buildSettings = {
				ALWAYS_SEARCH_USER_PATHS = NO;
				CLANG_ANALYZER_NONNULL = YES;
				CLANG_ANALYZER_NUMBER_OBJECT_CONVERSION = YES_AGGRESSIVE;
				CLANG_CXX_LANGUAGE_STANDARD = "gnu++14";
				CLANG_CXX_LIBRARY = "libc++";
				CLANG_ENABLE_MODULES = YES;
				CLANG_ENABLE_OBJC_ARC = YES;
				CLANG_ENABLE_OBJC_WEAK = YES;
				CLANG_WARN_BLOCK_CAPTURE_AUTORELEASING = YES;
				CLANG_WARN_BOOL_CONVERSION = YES;
				CLANG_WARN_COMMA = YES;
				CLANG_WARN_CONSTANT_CONVERSION = YES;
				CLANG_WARN_DEPRECATED_OBJC_IMPLEMENTATIONS = YES;
				CLANG_WARN_DIRECT_OBJC_ISA_USAGE = YES_ERROR;
				CLANG_WARN_DOCUMENTATION_COMMENTS = YES;
				CLANG_WARN_EMPTY_BODY = YES;
				CLANG_WARN_ENUM_CONVERSION = YES;
				CLANG_WARN_INFINITE_RECURSION = YES;
				CLANG_WARN_INT_CONVERSION = YES;
				CLANG_WARN_NON_LITERAL_NULL_CONVERSION = YES;
				CLANG_WARN_OBJC_IMPLICIT_RETAIN_SELF = YES;
				CLANG_WARN_OBJC_LITERAL_CONVERSION = YES;
				CLANG_WARN_OBJC_ROOT_CLASS = YES_ERROR;
				CLANG_WARN_QUOTED_INCLUDE_IN_FRAMEWORK_HEADER = YES;
				CLANG_WARN_RANGE_LOOP_ANALYSIS = YES;
				CLANG_WARN_STRICT_PROTOTYPES = YES;
				CLANG_WARN_SUSPICIOUS_MOVE = YES;
				CLANG_WARN_UNGUARDED_AVAILABILITY = YES_AGGRESSIVE;
				CLANG_WARN_UNREACHABLE_CODE = YES;
				CLANG_WARN__DUPLICATE_METHOD_MATCH = YES;
				COPY_PHASE_STRIP = NO;
				DEBUG_INFORMATION_FORMAT = "dwarf-with-dsym";
				ENABLE_NS_ASSERTIONS = NO;
				ENABLE_STRICT_OBJC_MSGSEND = YES;
				GCC_C_LANGUAGE_STANDARD = gnu11;
				GCC_NO_COMMON_BLOCKS = YES;
				GCC_WARN_64_TO_32_BIT_CONVERSION = YES;
				GCC_WARN_ABOUT_RETURN_TYPE = YES_ERROR;
				GCC_WARN_UNDECLARED_SELECTOR = YES;
				GCC_WARN_UNINITIALIZED_AUTOS = YES_AGGRESSIVE;
				GCC_WARN_UNUSED_FUNCTION = YES;
				GCC_WARN_UNUSED_VARIABLE = YES;
				IPHONEOS_DEPLOYMENT_TARGET = 14.0;
				MTL_ENABLE_DEBUG_INFO = NO;
				MTL_FAST_MATH = YES;
				SDKROOT = iphoneos;
				SWIFT_COMPILATION_MODE = wholemodule;
				SWIFT_OPTIMIZATION_LEVEL = "-O";
				VALIDATE_PRODUCT = YES;
			};
			name = Release;
		};
		C5BBE9D3256426FC000DD6BF /* Debug */ = {
			isa = XCBuildConfiguration;
			buildSettings = {
				ASSETCATALOG_COMPILER_APPICON_NAME = AppIcon;
				ASSETCATALOG_COMPILER_GLOBAL_ACCENT_COLOR_NAME = AccentColor;
				CODE_SIGN_STYLE = Automatic;
				DEVELOPMENT_TEAM = TW33JLNEJL;
				INFOPLIST_FILE = AppleMusicDemo/Info.plist;
				LD_RUNPATH_SEARCH_PATHS = (
					"$(inherited)",
					"@executable_path/Frameworks",
				);
				PRODUCT_BUNDLE_IDENTIFIER = class.ItunesJSON;
				PRODUCT_NAME = "$(TARGET_NAME)";
				SWIFT_VERSION = 5.0;
				TARGETED_DEVICE_FAMILY = "1,2";
			};
			name = Debug;
		};
		C5BBE9D4256426FC000DD6BF /* Release */ = {
			isa = XCBuildConfiguration;
			buildSettings = {
				ASSETCATALOG_COMPILER_APPICON_NAME = AppIcon;
				ASSETCATALOG_COMPILER_GLOBAL_ACCENT_COLOR_NAME = AccentColor;
				CODE_SIGN_STYLE = Automatic;
				DEVELOPMENT_TEAM = TW33JLNEJL;
				INFOPLIST_FILE = AppleMusicDemo/Info.plist;
				LD_RUNPATH_SEARCH_PATHS = (
					"$(inherited)",
					"@executable_path/Frameworks",
				);
				PRODUCT_BUNDLE_IDENTIFIER = class.ItunesJSON;
				PRODUCT_NAME = "$(TARGET_NAME)";
				SWIFT_VERSION = 5.0;
				TARGETED_DEVICE_FAMILY = "1,2";
			};
			name = Release;
		};
/* End XCBuildConfiguration section */

/* Begin XCConfigurationList section */
		C5BBE9B9256426F8000DD6BF /* Build configuration list for PBXProject "ItunesAPI_JSON" */ = {
			isa = XCConfigurationList;
			buildConfigurations = (
				C5BBE9D0256426FC000DD6BF /* Debug */,
				C5BBE9D1256426FC000DD6BF /* Release */,
			);
			defaultConfigurationIsVisible = 0;
			defaultConfigurationName = Release;
		};
		C5BBE9D2256426FC000DD6BF /* Build configuration list for PBXNativeTarget "ItunesAPI_JSON" */ = {
			isa = XCConfigurationList;
			buildConfigurations = (
				C5BBE9D3256426FC000DD6BF /* Debug */,
				C5BBE9D4256426FC000DD6BF /* Release */,
			);
			defaultConfigurationIsVisible = 0;
			defaultConfigurationName = Release;
		};
/* End XCConfigurationList section */
	};
	rootObject = C5BBE9B6256426F8000DD6BF /* Project object */;
}
